%{
  "castore": {:hex, :castore, "1.0.21", "0a0e8330dc267a40a3b7ad86d39302764bb71758172904e6a59d5ad6443ce307", [:mix], [], "hexpm", "e42e22723e25dbd46876d056a03f685513d6e98f6b5e555dc551321decd76c5c"},
  "cowboy": {:hex, :cowboy, "2.20.0", "63f6e3afa7e14201498142a10d00379f5e11761f69e69782807c713627f6bc73", [:make, :rebar3], [{:cowlib, ">= 2.21.0 and < 3.0.0", [hex: :cowlib, repo: "hexpm", optional: false]}, {:ranch, ">= 1.8.0 and < 3.0.0", [hex: :ranch, repo: "hexpm", optional: false]}], "hexpm", "a0be47464a2887f71c061ce90723dc17441c9b81ba9569cd9b596eb0367d1edd"},
  "cowlib": {:hex, :cowlib, "2.21.0", "3ea757c79784bdbdebac7857ce3adf2290af6b8680d4248c75e40ced2e98c89e", [:make, :rebar3], [], "hexpm", "0960248773762a5319b3c17285028bc76f54f58ef0f9451367401bdf67b46274"},
  "flow": {:hex, :flow, "1.2.4", "1dd58918287eb286656008777cb32714b5123d3855956f29aa141ebae456922d", [:mix], [{:gen_stage, "~> 1.0", [hex: :gen_stage, repo: "hexpm", optional: false]}], "hexpm", "874adde96368e71870f3510b91e35bc31652291858c86c0e75359cbdd35eb211"},
  "gen_stage": {:hex, :gen_stage, "1.3.2", "7c77e5d1e97de2c6c2f78f306f463bca64bf2f4c3cdd606affc0100b89743b7b", [:mix], [], "hexpm", "0ffae547fa777b3ed889a6b9e1e64566217413d018cabd825f786e843ffe63e7"},
  "googleapis": {:hex, :googleapis, "0.1.0", "13770f3f75f5b863fb9acf41633c7bc71bad788f3f553b66481a096d083ee20e", [:mix], [{:protobuf, "~> 0.12", [hex: :protobuf, repo: "hexpm", optional: false]}], "hexpm", "1989a7244fd17d3eb5f3de311a022b656c3736b39740db46506157c4604bd212"},
  "grpc": {:git, "https://github.com/elixir-grpc/grpc.git", "26bd3ec4ecf5c477e28cf543ebb4419d3c3353a0", [branch: "master", sparse: "grpc"]},
  "grpc_core": {:hex, :grpc_core, "1.0.5", "add39a2ca38604f73c8b2feed30c0fd2d2291daedac8060ee1a75b5658f0a69d", [:mix], [{:googleapis, "~> 0.1.0", [hex: :googleapis, repo: "hexpm", optional: false]}, {:jason, ">= 0.0.0", [hex: :jason, repo: "hexpm", optional: false]}, {:protobuf, "~> 0.17", [hex: :protobuf, repo: "hexpm", optional: false]}, {:telemetry, "~> 1.0", [hex: :telemetry, repo: "hexpm", optional: false]}], "hexpm", "a18ae7380cfebc20271aad36393e8aa041e1faa926fa25f40328e4350f83d8f0"},
  "grpc_server": {:hex, :grpc_server, "1.0.5", "7cad10f412de85d5a7329f09302f17644142702ca7d5cbe47cf68a6cce463ad9", [:mix], [{:cowboy, "~> 2.14", [hex: :cowboy, repo: "hexpm", optional: false]}, {:cowlib, "~> 2.14", [hex: :cowlib, repo: "hexpm", optional: false]}, {:flow, "~> 1.2", [hex: :flow, repo: "hexpm", optional: false]}, {:grpc_core, "~> 1.0.5", [hex: :grpc_core, repo: "hexpm", optional: false]}, {:protobuf, "~> 0.17", [hex: :protobuf, repo: "hexpm", optional: false]}], "hexpm", "1a7df870e92dad4d7c12ec1bd264a06c94cbab2f12b054064636ee2b486607b0"},
  "gun": {:hex, :gun, "2.4.1", "c3a8bff8e155e1fc8e499216599bb7effbd27bc1985662a8b25016090dc18428", [:make, :rebar3], [{:cowlib, ">= 2.15.0 and < 3.0.0", [hex: :cowlib, repo: "hexpm", optional: false]}], "hexpm", "1450575b4d393aa0811322727b90ad1dd94b5c10026f54a1641785bcbd250384"},
  "jason": {:hex, :jason, "1.4.5", "2e3a008590b0b8d7388c20293e9dcc9cf3e5d642fd2a114e4cbbb52e595d940a", [:mix], [{:decimal, "~> 1.0 or ~> 2.0 or ~> 3.0", [hex: :decimal, repo: "hexpm", optional: true]}], "hexpm", "b0c823996102bcd0239b3c2444eb00409b72f6a140c1950bc8b457d836b30684"},
  "protobuf": {:hex, :protobuf, "0.17.1", "5c058a4abbdf3c094bbdab142022b22950dd25214fcfdc624ae9bf0c60f9346f", [:mix], [{:jason, "~> 1.2", [hex: :jason, repo: "hexpm", optional: true]}], "hexpm", "76770ecda0ef057e540932f15b5a143ba8877875e88727f53429a7dc4dbf8b6c"},
  "ranch": {:hex, :ranch, "2.3.0", "7de7b041a9a6a5091a3aa5898d66c0564be671d87db4f9d63b1b5ee775b097df", [:make, :rebar3], [], "hexpm", "6168ec49409d982f7cfbd83dd083144f6cbe67caa4036551d2f0a3ad67c9d023"},
  "telemetry": {:hex, :telemetry, "1.4.2", "a0cb522801dffb1c49fe6e30561badffc7b6d0e180db1300df759faa22062855", [:rebar3], [], "hexpm", "928f6495066506077862c0d1646609eed891a4326bee3126ba54b60af61febb1"},
}
